
Microsoft Visual Studio Solution File, Format Version 12.00
# Visual Studio Version 17
VisualStudioVersion = 17.11.35327.3
MinimumVisualStudioVersion = 10.0.40219.1
Project("{FAE04EC0-301F-11D3-BF4B-00C04F79EFBC}") = "WPF_NTFG", "WPF_NTFG.csproj", "{575282C9-C74A-48DC-8D58-3BF4766AA47F}"
EndProject
Global
	GlobalSection(SolutionConfigurationPlatforms) = preSolution
		Debug|Any CPU = Debug|Any CPU
		Release|Any CPU = Release|Any CPU
	EndGlobalSection
	GlobalSection(ProjectConfigurationPlatforms) = postSolution
		{575282C9-C74A-48DC-8D58-3BF4766AA47F}.Debug|Any CPU.ActiveCfg = Debug|Any CPU
		{575282C9-C74A-48DC-8D58-3BF4766AA47F}.Debug|Any CPU.Build.0 = Debug|Any CPU
		{575282C9-C74A-48DC-8D58-3BF4766AA47F}.Release|Any CPU.ActiveCfg = Release|Any CPU
		{575282C9-C74A-48DC-8D58-3BF4766AA47F}.Release|Any CPU.Build.0 = Release|Any CPU
	EndGlobalSection
	GlobalSection(SolutionProperties) = preSolution
		HideSolutionNode = FALSE
	EndGlobalSection
	GlobalSection(ExtensibilityGlobals) = postSolution
		SolutionGuid = {FB78A0D5-9D34-47EA-9550-4AC1AA89C579}
	EndGlobalSection
EndGlobal
